
Microsoft Visual Studio Solution File, Format Version 12.00
# Visual Studio Version 17
VisualStudioVersion = 17.0.31903.59
MinimumVisualStudioVersion = 10.0.40219.1
Project("{2150E333-8FDC-42A3-9474-1A3956D46DE8}") = "src", "src", "{5932E1C3-283E-4F7B-BD39-B94718400A67}"
EndProject
Project("{2150E333-8FDC-42A3-9474-1A3956D46DE8}") = "Services", "Services", "{4E645403-2FDF-49A1-9511-3FD10172F2AD}"
EndProject
Project("{2150E333-8FDC-42A3-9474-1A3956D46DE8}") = "EstoqueService", "EstoqueService", "{AFE4FB60-F04F-44FA-A6D2-1858D9E675B2}"
EndProject
Project("{FAE04EC0-301F-11D3-BF4B-00C04F79EFBC}") = "EstoqueService", "src\Services\EstoqueService\EstoqueService\EstoqueService.csproj", "{8D7BAACB-7540-42F1-A47F-C1757AF30A98}"
EndProject
Project("{2150E333-8FDC-42A3-9474-1A3956D46DE8}") = "VendasService", "VendasService", "{C8752F19-DBBA-43B4-AE69-0850D667F2FA}"
EndProject
Project("{FAE04EC0-301F-11D3-BF4B-00C04F79EFBC}") = "VendasService", "src\Services\VendasService\VendasService\VendasService.csproj", "{9D46A6D1-F21A-4DB7-AB17-E87C5B7AE23B}"
EndProject
Project("{2150E333-8FDC-42A3-9474-1A3956D46DE8}") = "Gateway", "Gateway", "{0AB94010-6A8F-470A-8C86-955592218401}"
EndProject
Project("{FAE04EC0-301F-11D3-BF4B-00C04F79EFBC}") = "ApiGateway", "src\Gateway\ApiGateway\ApiGateway.csproj", "{6DF97832-28CD-4DEC-86C2-30D6AD8C850C}"
EndProject
Project("{2150E333-8FDC-42A3-9474-1A3956D46DE8}") = "Shared", "Shared", "{2ADF0432-7FDA-4E73-A847-81AF06B9A8D8}"
EndProject
Project("{FAE04EC0-301F-11D3-BF4B-00C04F79EFBC}") = "Shared", "src\Shared\Shared\Shared.csproj", "{DC752ECA-1A90-4B37-B8F1-F78ED9737AED}"
EndProject
Global
	GlobalSection(SolutionConfigurationPlatforms) = preSolution
		Debug|Any CPU = Debug|Any CPU
		Release|Any CPU = Release|Any CPU
	EndGlobalSection
	GlobalSection(SolutionProperties) = preSolution
		HideSolutionNode = FALSE
	EndGlobalSection
	GlobalSection(ProjectConfigurationPlatforms) = postSolution
		{8D7BAACB-7540-42F1-A47F-C1757AF30A98}.Debug|Any CPU.ActiveCfg = Debug|Any CPU
		{8D7BAACB-7540-42F1-A47F-C1757AF30A98}.Debug|Any CPU.Build.0 = Debug|Any CPU
		{8D7BAACB-7540-42F1-A47F-C1757AF30A98}.Release|Any CPU.ActiveCfg = Release|Any CPU
		{8D7BAACB-7540-42F1-A47F-C1757AF30A98}.Release|Any CPU.Build.0 = Release|Any CPU
		{9D46A6D1-F21A-4DB7-AB17-E87C5B7AE23B}.Debug|Any CPU.ActiveCfg = Debug|Any CPU
		{9D46A6D1-F21A-4DB7-AB17-E87C5B7AE23B}.Debug|Any CPU.Build.0 = Debug|Any CPU
		{9D46A6D1-F21A-4DB7-AB17-E87C5B7AE23B}.Release|Any CPU.ActiveCfg = Release|Any CPU
		{9D46A6D1-F21A-4DB7-AB17-E87C5B7AE23B}.Release|Any CPU.Build.0 = Release|Any CPU
		{6DF97832-28CD-4DEC-86C2-30D6AD8C850C}.Debug|Any CPU.ActiveCfg = Debug|Any CPU
		{6DF97832-28CD-4DEC-86C2-30D6AD8C850C}.Debug|Any CPU.Build.0 = Debug|Any CPU
		{6DF97832-28CD-4DEC-86C2-30D6AD8C850C}.Release|Any CPU.ActiveCfg = Release|Any CPU
		{6DF97832-28CD-4DEC-86C2-30D6AD8C850C}.Release|Any CPU.Build.0 = Release|Any CPU
		{DC752ECA-1A90-4B37-B8F1-F78ED9737AED}.Debug|Any CPU.ActiveCfg = Debug|Any CPU
		{DC752ECA-1A90-4B37-B8F1-F78ED9737AED}.Debug|Any CPU.Build.0 = Debug|Any CPU
		{DC752ECA-1A90-4B37-B8F1-F78ED9737AED}.Release|Any CPU.ActiveCfg = Release|Any CPU
		{DC752ECA-1A90-4B37-B8F1-F78ED9737AED}.Release|Any CPU.Build.0 = Release|Any CPU
	EndGlobalSection
	GlobalSection(NestedProjects) = preSolution
		{4E645403-2FDF-49A1-9511-3FD10172F2AD} = {5932E1C3-283E-4F7B-BD39-B94718400A67}
		{AFE4FB60-F04F-44FA-A6D2-1858D9E675B2} = {4E645403-2FDF-49A1-9511-3FD10172F2AD}
		{8D7BAACB-7540-42F1-A47F-C1757AF30A98} = {AFE4FB60-F04F-44FA-A6D2-1858D9E675B2}
		{C8752F19-DBBA-43B4-AE69-0850D667F2FA} = {4E645403-2FDF-49A1-9511-3FD10172F2AD}
		{9D46A6D1-F21A-4DB7-AB17-E87C5B7AE23B} = {C8752F19-DBBA-43B4-AE69-0850D667F2FA}
		{0AB94010-6A8F-470A-8C86-955592218401} = {5932E1C3-283E-4F7B-BD39-B94718400A67}
		{6DF97832-28CD-4DEC-86C2-30D6AD8C850C} = {0AB94010-6A8F-470A-8C86-955592218401}
		{2ADF0432-7FDA-4E73-A847-81AF06B9A8D8} = {5932E1C3-283E-4F7B-BD39-B94718400A67}
		{DC752ECA-1A90-4B37-B8F1-F78ED9737AED} = {2ADF0432-7FDA-4E73-A847-81AF06B9A8D8}
	EndGlobalSection
EndGlobal
